// !$*UTF8*$!
{
	archiveVersion = 1;
	classes = {
	};
	objectVersion = 77;
	objects = {

/* Begin PBXBuildFile section */
		A10000000000000000000001 /* ApplicationRoot.swift in Sources */ = {isa = PBXBuildFile; fileRef = A10000000000000000000003 /* ApplicationRoot.swift */; };
		A10000000000000000000002 /* OnlineCredentials.swift in Sources */ = {isa = PBXBuildFile; fileRef = A10000000000000000000004 /* OnlineCredentials.swift */; };
/* End PBXBuildFile section */

/* Begin PBXContainerItemProxy section */
		3908245C303EC62700E7AED3 /* PBXContainerItemProxy */ = {
			isa = PBXContainerItemProxy;
			containerPortal = 39082443303EC62500E7AED3 /* Project object */;
			proxyType = 1;
			remoteGlobalIDString = 3908244A303EC62500E7AED3;
			remoteInfo = OfflineChat;
		};
		39082466303EC62700E7AED3 /* PBXContainerItemProxy */ = {
			isa = PBXContainerItemProxy;
			containerPortal = 39082443303EC62500E7AED3 /* Project object */;
			proxyType = 1;
			remoteGlobalIDString = 3908244A303EC62500E7AED3;
			remoteInfo = OfflineChat;
		};
/* End PBXContainerItemProxy section */

/* Begin PBXFileReference section */
		A10000000000000000000003 /* ApplicationRoot.swift */ = {isa = PBXFileReference; lastKnownFileType = sourcecode.swift; path = OfflineChat/Online/ApplicationRoot.swift; sourceTree = SOURCE_ROOT; };
		A10000000000000000000004 /* OnlineCredentials.swift */ = {isa = PBXFileReference; lastKnownFileType = sourcecode.swift; path = OfflineChat/Online/OnlineCredentials.swift; sourceTree = SOURCE_ROOT; };
		3908244B303EC62500E7AED3 /* OfflineChat.app */ = {isa = PBXFileReference; explicitFileType = wrapper.application; includeInIndex = 0; path = OfflineChat.app; sourceTree = BUILT_PRODUCTS_DIR; };
		3908245B303EC62700E7AED3 /* OfflineChatTests.xctest */ = {isa = PBXFileReference; explicitFileType = wrapper.cfbundle; includeInIndex = 0; path = OfflineChatTests.xctest; sourceTree = BUILT_PRODUCTS_DIR; };
		39082465303EC62700E7AED3 /* OfflineChatUITests.xctest */ = {isa = PBXFileReference; explicitFileType = wrapper.cfbundle; includeInIndex = 0; path = OfflineChatUITests.xctest; sourceTree = BUILT_PRODUCTS_DIR; };
/* End PBXFileReference section */

/* Begin PBXFileSystemSynchronizedBuildFileExceptionSet section */
		3908247D303EC6E200E7AED3 /* Exceptions for "OfflineChat" folder in "OfflineChat" target */ = {
			isa = PBXFileSystemSynchronizedBuildFileExceptionSet;
			membershipExceptions = (
				Info.plist,
				Online/ApplicationRoot.swift,
				Online/OnlineCredentials.swift,
			);
			target = 3908244A303EC62500E7AED3 /* OfflineChat */;
		};
/* End PBXFileSystemSynchronizedBuildFileExceptionSet section */

/* Begin PBXFileSystemSynchronizedRootGroup section */
		3908244D303EC62500E7AED3 /* OfflineChat */ = {
			isa = PBXFileSystemSynchronizedRootGroup;
			exceptions = (
				3908247D303EC6E200E7AED3 /* Exceptions for "OfflineChat" folder in "OfflineChat" target */,
			);
			path = OfflineChat;
			sourceTree = "<group>";
		};
		3908245E303EC62700E7AED3 /* OfflineChatTests */ = {
			isa = PBXFileSystemSynchronizedRootGroup;
			path = OfflineChatTests;
			sourceTree = "<group>";
		};
		39082468303EC62700E7AED3 /* OfflineChatUITests */ = {
			isa = PBXFileSystemSynchronizedRootGroup;
			path = OfflineChatUITests;
			sourceTree = "<group>";
		};
/* End PBXFileSystemSynchronizedRootGroup section */

/* Begin PBXFrameworksBuildPhase section */
		39082448303EC62500E7AED3 /* Frameworks */ = {
			isa = PBXFrameworksBuildPhase;
			buildActionMask = 2147483647;
			files = (
			);
			runOnlyForDeploymentPostprocessing = 0;
		};
		39082458303EC62700E7AED3 /* Frameworks */ = {
			isa = PBXFrameworksBuildPhase;
			buildActionMask = 2147483647;
			files = (
			);
			runOnlyForDeploymentPostprocessing = 0;
		};
		39082462303EC62700E7AED3 /* Frameworks */ = {
			isa = PBXFrameworksBuildPhase;
			buildActionMask = 2147483647;
			files = (
			);
			runOnlyForDeploymentPostprocessing = 0;
		};
/* End PBXFrameworksBuildPhase section */

/* Begin PBXGroup section */
		39082442303EC62500E7AED3 = {
			isa = PBXGroup;
			children = (
				3908244D303EC62500E7AED3 /* OfflineChat */,
				3908245E303EC62700E7AED3 /* OfflineChatTests */,
				39082468303EC62700E7AED3 /* OfflineChatUITests */,
				3908244C303EC62500E7AED3 /* Products */,
			);
			sourceTree = "<group>";
		};
		3908244C303EC62500E7AED3 /* Products */ = {
			isa = PBXGroup;
			children = (
				3908244B303EC62500E7AED3 /* OfflineChat.app */,
				3908245B303EC62700E7AED3 /* OfflineChatTests.xctest */,
				39082465303EC62700E7AED3 /* OfflineChatUITests.xctest */,
			);
			name = Products;
			sourceTree = "<group>";
		};
/* End PBXGroup section */

/* Begin PBXNativeTarget section */
		3908244A303EC62500E7AED3 /* OfflineChat */ = {
			isa = PBXNativeTarget;
			buildConfigurationList = 3908246F303EC62700E7AED3 /* Build configuration list for PBXNativeTarget "OfflineChat" */;
			buildPhases = (
				39082447303EC62500E7AED3 /* Sources */,
				39082448303EC62500E7AED3 /* Frameworks */,
				39082449303EC62500E7AED3 /* Resources */,
			);
			buildRules = (
			);
			dependencies = (
			);
			fileSystemSynchronizedGroups = (
				3908244D303EC62500E7AED3 /* OfflineChat */,
			);
			name = OfflineChat;
			packageProductDependencies = (
			);
			productName = OfflineChat;
			productReference = 3908244B303EC62500E7AED3 /* OfflineChat.app */;
			productType = "com.apple.product-type.application";
		};
		3908245A303EC62700E7AED3 /* OfflineChatTests */ = {
			isa = PBXNativeTarget;
			buildConfigurationList = 39082472303EC62700E7AED3 /* Build configuration list for PBXNativeTarget "OfflineChatTests" */;
			buildPhases = (
				39082457303EC62700E7AED3 /* Sources */,
				39082458303EC62700E7AED3 /* Frameworks */,
				39082459303EC62700E7AED3 /* Resources */,
			);
			buildRules = (
			);
			dependencies = (
				3908245D303EC62700E7AED3 /* PBXTargetDependency */,
			);
			fileSystemSynchronizedGroups = (
				3908245E303EC62700E7AED3 /* OfflineChatTests */,
			);
			name = OfflineChatTests;
			packageProductDependencies = (
			);
			productName = OfflineChatTests;
			productReference = 3908245B303EC62700E7AED3 /* OfflineChatTests.xctest */;
			productType = "com.apple.product-type.bundle.unit-test";
		};
		39082464303EC62700E7AED3 /* OfflineChatUITests */ = {
			isa = PBXNativeTarget;
			buildConfigurationList = 39082475303EC62700E7AED3 /* Build configuration list for PBXNativeTarget "OfflineChatUITests" */;
			buildPhases = (
				39082461303EC62700E7AED3 /* Sources */,
				39082462303EC62700E7AED3 /* Frameworks */,
				39082463303EC62700E7AED3 /* Resources */,
			);
			buildRules = (
			);
			dependencies = (
				39082467303EC62700E7AED3 /* PBXTargetDependency */,
			);
			fileSystemSynchronizedGroups = (
				39082468303EC62700E7AED3 /* OfflineChatUITests */,
			);
			name = OfflineChatUITests;
			packageProductDependencies = (
			);
			productName = OfflineChatUITests;
			productReference = 39082465303EC62700E7AED3 /* OfflineChatUITests.xctest */;
			productType = "com.apple.product-type.bundle.ui-testing";
		};
/* End PBXNativeTarget section */

/* Begin PBXProject section */
		39082443303EC62500E7AED3 /* Project object */ = {
			isa = PBXProject;
			attributes = {
				BuildIndependentTargetsInParallel = 1;
				LastSwiftUpdateCheck = 1600;
				LastUpgradeCheck = 1600;
				TargetAttributes = {
					3908244A303EC62500E7AED3 = {
						CreatedOnToolsVersion = 16.0;
						LastSwiftMigration = 1600;
					};
					3908245A303EC62700E7AED3 = {
						CreatedOnToolsVersion = 16.0;
						TestTargetID = 3908244A303EC62500E7AED3;
					};
					39082464303EC62700E7AED3 = {
						CreatedOnToolsVersion = 16.0;
						TestTargetID = 3908244A303EC62500E7AED3;
					};
				};
			};
			buildConfigurationList = 39082446303EC62500E7AED3 /* Build configuration list for PBXProject "OfflineChat" */;
			developmentRegion = en;
			hasScannedForEncodings = 0;
			knownRegions = (
				en,
				Base,
			);
			mainGroup = 39082442303EC62500E7AED3;
			minimizedProjectReferenceProxies = 1;
			preferredProjectObjectVersion = 77;
			productRefGroup = 3908244C303EC62500E7AED3 /* Products */;
			projectDirPath = "";
			projectRoot = "";
			targets = (
				3908244A303EC62500E7AED3 /* OfflineChat */,
				3908245A303EC62700E7AED3 /* OfflineChatTests */,
				39082464303EC62700E7AED3 /* OfflineChatUITests */,
			);
		};
/* End PBXProject section */

/* Begin PBXResourcesBuildPhase section */
		39082449303EC62500E7AED3 /* Resources */ = {
			isa = PBXResourcesBuildPhase;
			buildActionMask = 2147483647;
			files = (
			);
			runOnlyForDeploymentPostprocessing = 0;
		};
		39082459303EC62700E7AED3 /* Resources */ = {
			isa = PBXResourcesBuildPhase;
			buildActionMask = 2147483647;
			files = (
			);
			runOnlyForDeploymentPostprocessing = 0;
		};
		39082463303EC62700E7AED3 /* Resources */ = {
			isa = PBXResourcesBuildPhase;
			buildActionMask = 2147483647;
			files = (
			);
			runOnlyForDeploymentPostprocessing = 0;
		};
/* End PBXResourcesBuildPhase section */

/* Begin PBXSourcesBuildPhase section */
		39082447303EC62500E7AED3 /* Sources */ = {
			isa = PBXSourcesBuildPhase;
			buildActionMask = 2147483647;
			files = (
				A10000000000000000000001 /* ApplicationRoot.swift in Sources */,
				A10000000000000000000002 /* OnlineCredentials.swift in Sources */,
			);
			runOnlyForDeploymentPostprocessing = 0;
		};
		39082457303EC62700E7AED3 /* Sources */ = {
			isa = PBXSourcesBuildPhase;
			buildActionMask = 2147483647;
			files = (
			);
			runOnlyForDeploymentPostprocessing = 0;
		};
		39082461303EC62700E7AED3 /* Sources */ = {
			isa = PBXSourcesBuildPhase;
			buildActionMask = 2147483647;
			files = (
			);
			runOnlyForDeploymentPostprocessing = 0;
		};
/* End PBXSourcesBuildPhase section */

/* Begin PBXTargetDependency section */
		3908245D303EC62700E7AED3 /* PBXTargetDependency */ = {
			isa = PBXTargetDependency;
			target = 3908244A303EC62500E7AED3 /* OfflineChat */;
			targetProxy = 3908245C303EC62700E7AED3 /* PBXContainerItemProxy */;
		};
		39082467303EC62700E7AED3 /* PBXTargetDependency */ = {
			isa = PBXTargetDependency;
			target = 3908244A303EC62500E7AED3 /* OfflineChat */;
			targetProxy = 39082466303EC62700E7AED3 /* PBXContainerItemProxy */;
		};
/* End PBXTargetDependency section */

/* Begin XCBuildConfiguration section */
		3908246D303EC62700E7AED3 /* Debug */ = {
			isa = XCBuildConfiguration;
			buildSettings = {
				ALWAYS_SEARCH_USER_PATHS = NO;
				ASSETCATALOG_COMPILER_GENERATE_SWIFT_ASSET_SYMBOL_EXTENSIONS = YES;
				CLANG_ANALYZER_NONNULL = YES;
				CLANG_ANALYZER_NUMBER_OBJECT_CONVERSION = YES_AGGRESSIVE;
				CLANG_CXX_LANGUAGE_STANDARD = "gnu++20";
				CLANG_ENABLE_MODULES = YES;
				CLANG_ENABLE_OBJC_ARC = YES;
				CLANG_ENABLE_OBJC_WEAK = YES;
				CLANG_WARN_BLOCK_CAPTURE_AUTORELEASING = YES;
				CLANG_WARN_BOOL_CONVERSION = YES;
				CLANG_WARN_COMMA = YES;
				CLANG_WARN_CONSTANT_CONVERSION = YES;
				CLANG_WARN_DEPRECATED_OBJC_IMPLEMENTATIONS = YES;
				CLANG_WARN_DIRECT_OBJC_ISA_USAGE = YES_ERROR;
				CLANG_WARN_DOCUMENTATION_COMMENTS = YES;
				CLANG_WARN_EMPTY_BODY = YES;
				CLANG_WARN_ENUM_CONVERSION = YES;
				CLANG_WARN_INFINITE_RECURSION = YES;
				CLANG_WARN_INT_CONVERSION = YES;
				CLANG_WARN_NON_LITERAL_NULL_CONVERSION = YES;
				CLANG_WARN_OBJC_IMPLICIT_RETAIN_SELF = YES;
				CLANG_WARN_OBJC_LITERAL_CONVERSION = YES;
				CLANG_WARN_OBJC_ROOT_CLASS = YES_ERROR;
				CLANG_WARN_QUOTED_INCLUDE_IN_FRAMEWORK_HEADER = YES;
				CLANG_WARN_RANGE_LOOP_ANALYSIS = YES;
				CLANG_WARN_STRICT_PROTOTYPES = YES;
				CLANG_WARN_SUSPICIOUS_MOVE = YES;
				CLANG_WARN_UNGUARDED_AVAILABILITY = YES_AGGRESSIVE;
				CLANG_WARN_UNREACHABLE_CODE = YES;
				CLANG_WARN__DUPLICATE_METHOD_MATCH = YES;
				COPY_PHASE_STRIP = NO;
				DEBUG_INFORMATION_FORMAT = dwarf;
				ENABLE_STRICT_OBJC_MSGSEND = YES;
				ENABLE_TESTABILITY = YES;
				ENABLE_USER_SCRIPT_SANDBOXING = YES;
				GCC_C_LANGUAGE_STANDARD = gnu17;
				GCC_DYNAMIC_NO_PIC = NO;
				GCC_NO_COMMON_BLOCKS = YES;
				GCC_OPTIMIZATION_LEVEL = 0;
				GCC_PREPROCESSOR_DEFINITIONS = (
					"DEBUG=1",
					"$(inherited)",
				);
				GCC_WARN_64_TO_32_BIT_CONVERSION = YES;
				GCC_WARN_ABOUT_RETURN_TYPE = YES_ERROR;
				GCC_WARN_UNDECLARED_SELECTOR = YES;
				GCC_WARN_UNINITIALIZED_AUTOS = YES_AGGRESSIVE;
				GCC_WARN_UNUSED_FUNCTION = YES;
				GCC_WARN_UNUSED_VARIABLE = YES;
				IPHONEOS_DEPLOYMENT_TARGET = 18.0;
				LOCALIZATION_PREFERS_STRING_CATALOGS = YES;
				MTL_ENABLE_DEBUG_INFO = INCLUDE_SOURCE;
				MTL_FAST_MATH = YES;
				ONLY_ACTIVE_ARCH = YES;
				SDKROOT = iphoneos;
				SWIFT_ACTIVE_COMPILATION_CONDITIONS = "DEBUG $(inherited)";
				SWIFT_OPTIMIZATION_LEVEL = "-Onone";
			};
			name = Debug;
		};
		3908246E303EC62700E7AED3 /* Release */ = {
			isa = XCBuildConfiguration;
			buildSettings = {
				ALWAYS_SEARCH_USER_PATHS = NO;
				ASSETCATALOG_COMPILER_GENERATE_SWIFT_ASSET_SYMBOL_EXTENSIONS = YES;
				CLANG_ANALYZER_NONNULL = YES;
				CLANG_ANALYZER_NUMBER_OBJECT_CONVERSION = YES_AGGRESSIVE;
				CLANG_CXX_LANGUAGE_STANDARD = "gnu++20";
				CLANG_ENABLE_MODULES = YES;
				CLANG_ENABLE_OBJC_ARC = YES;
				CLANG_ENABLE_OBJC_WEAK = YES;
				CLANG_WARN_BLOCK_CAPTURE_AUTORELEASING = YES;
				CLANG_WARN_BOOL_CONVERSION = YES;
				CLANG_WARN_COMMA = YES;
				CLANG_WARN_CONSTANT_CONVERSION = YES;
				CLANG_WARN_DEPRECATED_OBJC_IMPLEMENTATIONS = YES;
				CLANG_WARN_DIRECT_OBJC_ISA_USAGE = YES_ERROR;
				CLANG_WARN_DOCUMENTATION_COMMENTS = YES;
				CLANG_WARN_EMPTY_BODY = YES;
				CLANG_WARN_ENUM_CONVERSION = YES;
				CLANG_WARN_INFINITE_RECURSION = YES;
				CLANG_WARN_INT_CONVERSION = YES;
				CLANG_WARN_NON_LITERAL_NULL_CONVERSION = YES;
				CLANG_WARN_OBJC_IMPLICIT_RETAIN_SELF = YES;
				CLANG_WARN_OBJC_LITERAL_CONVERSION = YES;
				CLANG_WARN_OBJC_ROOT_CLASS = YES_ERROR;
				CLANG_WARN_QUOTED_INCLUDE_IN_FRAMEWORK_HEADER = YES;
				CLANG_WARN_RANGE_LOOP_ANALYSIS = YES;
				CLANG_WARN_STRICT_PROTOTYPES = YES;
				CLANG_WARN_SUSPICIOUS_MOVE = YES;
				CLANG_WARN_UNGUARDED_AVAILABILITY = YES_AGGRESSIVE;
				CLANG_WARN_UNREACHABLE_CODE = YES;
				CLANG_WARN__DUPLICATE_METHOD_MATCH = YES;
				COPY_PHASE_STRIP = NO;
				DEBUG_INFORMATION_FORMAT = "dwarf-with-dsym";
				ENABLE_NS_ASSERTIONS = NO;
				ENABLE_STRICT_OBJC_MSGSEND = YES;
				ENABLE_USER_SCRIPT_SANDBOXING = YES;
				GCC_C_LANGUAGE_STANDARD = gnu17;
				GCC_NO_COMMON_BLOCKS = YES;
				GCC_WARN_64_TO_32_BIT_CONVERSION = YES;
				GCC_WARN_ABOUT_RETURN_TYPE = YES_ERROR;
				GCC_WARN_UNDECLARED_SELECTOR = YES;
				GCC_WARN_UNINITIALIZED_AUTOS = YES_AGGRESSIVE;
				GCC_WARN_UNUSED_FUNCTION = YES;
				GCC_WARN_UNUSED_VARIABLE = YES;
				IPHONEOS_DEPLOYMENT_TARGET = 18.0;
				LOCALIZATION_PREFERS_STRING_CATALOGS = YES;
				MTL_ENABLE_DEBUG_INFO = NO;
				MTL_FAST_MATH = YES;
				SDKROOT = iphoneos;
				SWIFT_COMPILATION_MODE = wholemodule;
				VALIDATE_PRODUCT = YES;
			};
			name = Release;
		};
		39082470303EC62700E7AED3 /* Debug */ = {
			isa = XCBuildConfiguration;
			buildSettings = {
				ASSETCATALOG_COMPILER_APPICON_NAME = AppIcon;
				ASSETCATALOG_COMPILER_GLOBAL_ACCENT_COLOR_NAME = AccentColor;
				CLANG_ENABLE_MODULES = YES;
				CODE_SIGN_STYLE = Automatic;
				CURRENT_PROJECT_VERSION = 1;
				DEVELOPMENT_ASSET_PATHS = "\"OfflineChat/Preview Content\"";
				DEVELOPMENT_TEAM = X354PZU5GR;
				ENABLE_PREVIEWS = YES;
				GENERATE_INFOPLIST_FILE = YES;
				INFOPLIST_FILE = OfflineChat/Info.plist;
				INFOPLIST_KEY_UIApplicationSceneManifest_Generation = YES;
				INFOPLIST_KEY_UIApplicationSupportsIndirectInputEvents = YES;
				INFOPLIST_KEY_UILaunchScreen_Generation = YES;
				INFOPLIST_KEY_UISupportedInterfaceOrientations_iPad = "UIInterfaceOrientationPortrait UIInterfaceOrientationPortraitUpsideDown UIInterfaceOrientationLandscapeLeft UIInterfaceOrientationLandscapeRight";
				INFOPLIST_KEY_UISupportedInterfaceOrientations_iPhone = "UIInterfaceOrientationPortrait UIInterfaceOrientationLandscapeLeft UIInterfaceOrientationLandscapeRight";
				LD_RUNPATH_SEARCH_PATHS = (
					"$(inherited)",
					"@executable_path/Frameworks",
				);
				MARKETING_VERSION = 1.0;
				PRODUCT_BUNDLE_IDENTIFIER = DedInsaf.OfflineChat;
				PRODUCT_NAME = "$(TARGET_NAME)";
				SWIFT_EMIT_LOC_STRINGS = YES;
				SWIFT_OBJC_BRIDGING_HEADER = "OfflineChat/OfflineChat-Bridging-Header.h";
				SWIFT_OPTIMIZATION_LEVEL = "-Onone";
				SWIFT_VERSION = 5.0;
				TARGETED_DEVICE_FAMILY = "1,2";
			};
			name = Debug;
		};
		39082471303EC62700E7AED3 /* Release */ = {
			isa = XCBuildConfiguration;
			buildSettings = {
				ASSETCATALOG_COMPILER_APPICON_NAME = AppIcon;
				ASSETCATALOG_COMPILER_GLOBAL_ACCENT_COLOR_NAME = AccentColor;
				CLANG_ENABLE_MODULES = YES;
				CODE_SIGN_STYLE = Automatic;
				CURRENT_PROJECT_VERSION = 1;
				DEVELOPMENT_ASSET_PATHS = "\"OfflineChat/Preview Content\"";
				DEVELOPMENT_TEAM = X354PZU5GR;
				ENABLE_PREVIEWS = YES;
				GENERATE_INFOPLIST_FILE = YES;
				INFOPLIST_FILE = OfflineChat/Info.plist;
				INFOPLIST_KEY_UIApplicationSceneManifest_Generation = YES;
				INFOPLIST_KEY_UIApplicationSupportsIndirectInputEvents = YES;
				INFOPLIST_KEY_UILaunchScreen_Generation = YES;
				INFOPLIST_KEY_UISupportedInterfaceOrientations_iPad = "UIInterfaceOrientationPortrait UIInterfaceOrientationPortraitUpsideDown UIInterfaceOrientationLandscapeLeft UIInterfaceOrientationLandscapeRight";
				INFOPLIST_KEY_UISupportedInterfaceOrientations_iPhone = "UIInterfaceOrientationPortrait UIInterfaceOrientationLandscapeLeft UIInterfaceOrientationLandscapeRight";
				LD_RUNPATH_SEARCH_PATHS = (
					"$(inherited)",
					"@executable_path/Frameworks",
				);
				MARKETING_VERSION = 1.0;
				PRODUCT_BUNDLE_IDENTIFIER = DedInsaf.OfflineChat;
				PRODUCT_NAME = "$(TARGET_NAME)";
				SWIFT_EMIT_LOC_STRINGS = YES;
				SWIFT_OBJC_BRIDGING_HEADER = "OfflineChat/OfflineChat-Bridging-Header.h";
				SWIFT_VERSION = 5.0;
				TARGETED_DEVICE_FAMILY = "1,2";
			};
			name = Release;
		};
		39082473303EC62700E7AED3 /* Debug */ = {
			isa = XCBuildConfiguration;
			buildSettings = {
				BUNDLE_LOADER = "$(TEST_HOST)";
				CODE_SIGN_STYLE = Automatic;
				CURRENT_PROJECT_VERSION = 1;
				GENERATE_INFOPLIST_FILE = YES;
				IPHONEOS_DEPLOYMENT_TARGET = 18.0;
				MARKETING_VERSION = 1.0;
				PRODUCT_BUNDLE_IDENTIFIER = DedInsaf.OfflineChatTests;
				PRODUCT_NAME = "$(TARGET_NAME)";
				SWIFT_EMIT_LOC_STRINGS = NO;
				SWIFT_VERSION = 5.0;
				TARGETED_DEVICE_FAMILY = "1,2";
				TEST_HOST = "$(BUILT_PRODUCTS_DIR)/OfflineChat.app/$(BUNDLE_EXECUTABLE_FOLDER_PATH)/OfflineChat";
			};
			name = Debug;
		};
		39082474303EC62700E7AED3 /* Release */ = {
			isa = XCBuildConfiguration;
			buildSettings = {
				BUNDLE_LOADER = "$(TEST_HOST)";
				CODE_SIGN_STYLE = Automatic;
				CURRENT_PROJECT_VERSION = 1;
				GENERATE_INFOPLIST_FILE = YES;
				IPHONEOS_DEPLOYMENT_TARGET = 18.0;
				MARKETING_VERSION = 1.0;
				PRODUCT_BUNDLE_IDENTIFIER = DedInsaf.OfflineChatTests;
				PRODUCT_NAME = "$(TARGET_NAME)";
				SWIFT_EMIT_LOC_STRINGS = NO;
				SWIFT_VERSION = 5.0;
				TARGETED_DEVICE_FAMILY = "1,2";
				TEST_HOST = "$(BUILT_PRODUCTS_DIR)/OfflineChat.app/$(BUNDLE_EXECUTABLE_FOLDER_PATH)/OfflineChat";
			};
			name = Release;
		};
		39082476303EC62700E7AED3 /* Debug */ = {
			isa = XCBuildConfiguration;
			buildSettings = {
				CODE_SIGN_STYLE = Automatic;
				CURRENT_PROJECT_VERSION = 1;
				GENERATE_INFOPLIST_FILE = YES;
				MARKETING_VERSION = 1.0;
				PRODUCT_BUNDLE_IDENTIFIER = DedInsaf.OfflineChatUITests;
				PRODUCT_NAME = "$(TARGET_NAME)";
				SWIFT_EMIT_LOC_STRINGS = NO;
				SWIFT_VERSION = 5.0;
				TARGETED_DEVICE_FAMILY = "1,2";
				TEST_TARGET_NAME = OfflineChat;
			};
			name = Debug;
		};
		39082477303EC62700E7AED3 /* Release */ = {
			isa = XCBuildConfiguration;
			buildSettings = {
				CODE_SIGN_STYLE = Automatic;
				CURRENT_PROJECT_VERSION = 1;
				GENERATE_INFOPLIST_FILE = YES;
				MARKETING_VERSION = 1.0;
				PRODUCT_BUNDLE_IDENTIFIER = DedInsaf.OfflineChatUITests;
				PRODUCT_NAME = "$(TARGET_NAME)";
				SWIFT_EMIT_LOC_STRINGS = NO;
				SWIFT_VERSION = 5.0;
				TARGETED_DEVICE_FAMILY = "1,2";
				TEST_TARGET_NAME = OfflineChat;
			};
			name = Release;
		};
/* End XCBuildConfiguration section */

/* Begin XCConfigurationList section */
		39082446303EC62500E7AED3 /* Build configuration list for PBXProject "OfflineChat" */ = {
			isa = XCConfigurationList;
			buildConfigurations = (
				3908246D303EC62700E7AED3 /* Debug */,
				3908246E303EC62700E7AED3 /* Release */,
			);
			defaultConfigurationIsVisible = 0;
			defaultConfigurationName = Release;
		};
		3908246F303EC62700E7AED3 /* Build configuration list for PBXNativeTarget "OfflineChat" */ = {
			isa = XCConfigurationList;
			buildConfigurations = (
				39082470303EC62700E7AED3 /* Debug */,
				39082471303EC62700E7AED3 /* Release */,
			);
			defaultConfigurationIsVisible = 0;
			defaultConfigurationName = Release;
		};
		39082472303EC62700E7AED3 /* Build configuration list for PBXNativeTarget "OfflineChatTests" */ = {
			isa = XCConfigurationList;
			buildConfigurations = (
				39082473303EC62700E7AED3 /* Debug */,
				39082474303EC62700E7AED3 /* Release */,
			);
			defaultConfigurationIsVisible = 0;
			defaultConfigurationName = Release;
		};
		39082475303EC62700E7AED3 /* Build configuration list for PBXNativeTarget "OfflineChatUITests" */ = {
			isa = XCConfigurationList;
			buildConfigurations = (
				39082476303EC62700E7AED3 /* Debug */,
				39082477303EC62700E7AED3 /* Release */,
			);
			defaultConfigurationIsVisible = 0;
			defaultConfigurationName = Release;
		};
/* End XCConfigurationList section */
	};
	rootObject = 39082443303EC62500E7AED3 /* Project object */;
}
